
Microsoft Visual Studio Solution File, Format Version 12.00
# Visual Studio Version 17
VisualStudioVersion = 17.3.32825.248
MinimumVisualStudioVersion = 10.0.40219.1
Project("{9A19103F-16F7-4668-BE54-9A1E7A4F7556}") = "WebApi", "WebApi\WebApi.csproj", "{CBFAA72B-5200-4EBF-9405-C2FD778BBA90}"
EndProject
Project("{FAE04EC0-301F-11D3-BF4B-00C04F79EFBC}") = "Consumer", "ConsoleApp1\Consumer.csproj", "{AFA5DC8C-1FE2-4094-B044-6F2FA071AC60}"
EndProject
Project("{FAE04EC0-301F-11D3-BF4B-00C04F79EFBC}") = "Notification", "Notification\Notification.csproj", "{6CFD5838-6ECD-4DB9-9C75-1A24A5774C92}"
EndProject
Global
	GlobalSection(SolutionConfigurationPlatforms) = preSolution
		Debug|Any CPU = Debug|Any CPU
		Release|Any CPU = Release|Any CPU
	EndGlobalSection
	GlobalSection(ProjectConfigurationPlatforms) = postSolution
		{CBFAA72B-5200-4EBF-9405-C2FD778BBA90}.Debug|Any CPU.ActiveCfg = Debug|Any CPU
		{CBFAA72B-5200-4EBF-9405-C2FD778BBA90}.Debug|Any CPU.Build.0 = Debug|Any CPU
		{CBFAA72B-5200-4EBF-9405-C2FD778BBA90}.Release|Any CPU.ActiveCfg = Release|Any CPU
		{CBFAA72B-5200-4EBF-9405-C2FD778BBA90}.Release|Any CPU.Build.0 = Release|Any CPU
		{AFA5DC8C-1FE2-4094-B044-6F2FA071AC60}.Debug|Any CPU.ActiveCfg = Debug|Any CPU
		{AFA5DC8C-1FE2-4094-B044-6F2FA071AC60}.Debug|Any CPU.Build.0 = Debug|Any CPU
		{AFA5DC8C-1FE2-4094-B044-6F2FA071AC60}.Release|Any CPU.ActiveCfg = Release|Any CPU
		{AFA5DC8C-1FE2-4094-B044-6F2FA071AC60}.Release|Any CPU.Build.0 = Release|Any CPU
		{6CFD5838-6ECD-4DB9-9C75-1A24A5774C92}.Debug|Any CPU.ActiveCfg = Debug|Any CPU
		{6CFD5838-6ECD-4DB9-9C75-1A24A5774C92}.Debug|Any CPU.Build.0 = Debug|Any CPU
		{6CFD5838-6ECD-4DB9-9C75-1A24A5774C92}.Release|Any CPU.ActiveCfg = Release|Any CPU
		{6CFD5838-6ECD-4DB9-9C75-1A24A5774C92}.Release|Any CPU.Build.0 = Release|Any CPU
	EndGlobalSection
	GlobalSection(SolutionProperties) = preSolution
		HideSolutionNode = FALSE
	EndGlobalSection
	GlobalSection(ExtensibilityGlobals) = postSolution
		SolutionGuid = {86B3C35F-54DF-46DE-9EA0-A724218E8343}
	EndGlobalSection
EndGlobal
